
Microsoft Visual Studio Solution File, Format Version 12.00
# Visual Studio Version 17
VisualStudioVersion = 17.14.36518.9
MinimumVisualStudioVersion = 10.0.40219.1
Project("{FAE04EC0-301F-11D3-BF4B-00C04F79EFBC}") = "EventManager.API", "EventManager.API\EventManager.API.csproj", "{E49ADB4E-ED96-47C2-8D12-F3B693FF5813}"
EndProject
Project("{FAE04EC0-301F-11D3-BF4B-00C04F79EFBC}") = "EventManager.Domain", "EventManager.Domain\EventManager.Domain.csproj", "{BDB50B87-285B-457B-AE33-7CC007FD62D7}"
EndProject
Project("{FAE04EC0-301F-11D3-BF4B-00C04F79EFBC}") = "EventManager.Application", "EventManager.Application\EventManager.Application.csproj", "{9641608A-F996-45AF-8886-2EF08A0D032C}"
EndProject
Project("{FAE04EC0-301F-11D3-BF4B-00C04F79EFBC}") = "EventManager.Infrastructure", "EventManager.Infrastructure\EventManager.Infrastructure.csproj", "{85653799-55FD-49E3-9556-2510CCDDAC90}"
EndProject
Project("{2150E333-8FDC-42A3-9474-1A3956D46DE8}") = "Solution Items", "Solution Items", "{8EC462FD-D22E-90A8-E5CE-7E832BA40C5D}"
	ProjectSection(SolutionItems) = preProject
		.gitignore = .gitignore
	EndProjectSection
EndProject
Global
	GlobalSection(SolutionConfigurationPlatforms) = preSolution
		Debug|Any CPU = Debug|Any CPU
		Release|Any CPU = Release|Any CPU
	EndGlobalSection
	GlobalSection(ProjectConfigurationPlatforms) = postSolution
		{E49ADB4E-ED96-47C2-8D12-F3B693FF5813}.Debug|Any CPU.ActiveCfg = Debug|Any CPU
		{E49ADB4E-ED96-47C2-8D12-F3B693FF5813}.Debug|Any CPU.Build.0 = Debug|Any CPU
		{E49ADB4E-ED96-47C2-8D12-F3B693FF5813}.Release|Any CPU.ActiveCfg = Release|Any CPU
		{E49ADB4E-ED96-47C2-8D12-F3B693FF5813}.Release|Any CPU.Build.0 = Release|Any CPU
		{BDB50B87-285B-457B-AE33-7CC007FD62D7}.Debug|Any CPU.ActiveCfg = Debug|Any CPU
		{BDB50B87-285B-457B-AE33-7CC007FD62D7}.Debug|Any CPU.Build.0 = Debug|Any CPU
		{BDB50B87-285B-457B-AE33-7CC007FD62D7}.Release|Any CPU.ActiveCfg = Release|Any CPU
		{BDB50B87-285B-457B-AE33-7CC007FD62D7}.Release|Any CPU.Build.0 = Release|Any CPU
		{9641608A-F996-45AF-8886-2EF08A0D032C}.Debug|Any CPU.ActiveCfg = Debug|Any CPU
		{9641608A-F996-45AF-8886-2EF08A0D032C}.Debug|Any CPU.Build.0 = Debug|Any CPU
		{9641608A-F996-45AF-8886-2EF08A0D032C}.Release|Any CPU.ActiveCfg = Release|Any CPU
		{9641608A-F996-45AF-8886-2EF08A0D032C}.Release|Any CPU.Build.0 = Release|Any CPU
		{85653799-55FD-49E3-9556-2510CCDDAC90}.Debug|Any CPU.ActiveCfg = Debug|Any CPU
		{85653799-55FD-49E3-9556-2510CCDDAC90}.Debug|Any CPU.Build.0 = Debug|Any CPU
		{85653799-55FD-49E3-9556-2510CCDDAC90}.Release|Any CPU.ActiveCfg = Release|Any CPU
		{85653799-55FD-49E3-9556-2510CCDDAC90}.Release|Any CPU.Build.0 = Release|Any CPU
	EndGlobalSection
	GlobalSection(SolutionProperties) = preSolution
		HideSolutionNode = FALSE
	EndGlobalSection
	GlobalSection(ExtensibilityGlobals) = postSolution
		SolutionGuid = {A10EBB1A-962F-4F31-AFDB-A9BFA51AD260}
	EndGlobalSection
EndGlobal
